
Microsoft Visual Studio Solution File, Format Version 12.00
# Visual Studio Version 17
VisualStudioVersion = 17.1.32407.343
MinimumVisualStudioVersion = 10.0.40219.1
Project("{FAE04EC0-301F-11D3-BF4B-00C04F79EFBC}") = "Examen3", "Examen3.csproj", "{753F65DA-A7B6-4D07-8CA5-0E67DEEA98F7}"
EndProject
Project("{FAE04EC0-301F-11D3-BF4B-00C04F79EFBC}") = "Datos", "..\Datos\Datos.csproj", "{062BA833-3963-4CCD-8443-B29CD319097B}"
EndProject
Project("{FAE04EC0-301F-11D3-BF4B-00C04F79EFBC}") = "Modelos", "..\Modelos\Modelos.csproj", "{33D2075D-F05D-445B-AB06-C0D7BC768096}"
EndProject
Global
	GlobalSection(SolutionConfigurationPlatforms) = preSolution
		Debug|Any CPU = Debug|Any CPU
		Release|Any CPU = Release|Any CPU
	EndGlobalSection
	GlobalSection(ProjectConfigurationPlatforms) = postSolution
		{753F65DA-A7B6-4D07-8CA5-0E67DEEA98F7}.Debug|Any CPU.ActiveCfg = Debug|Any CPU
		{753F65DA-A7B6-4D07-8CA5-0E67DEEA98F7}.Debug|Any CPU.Build.0 = Debug|Any CPU
		{753F65DA-A7B6-4D07-8CA5-0E67DEEA98F7}.Release|Any CPU.ActiveCfg = Release|Any CPU
		{753F65DA-A7B6-4D07-8CA5-0E67DEEA98F7}.Release|Any CPU.Build.0 = Release|Any CPU
		{062BA833-3963-4CCD-8443-B29CD319097B}.Debug|Any CPU.ActiveCfg = Debug|Any CPU
		{062BA833-3963-4CCD-8443-B29CD319097B}.Debug|Any CPU.Build.0 = Debug|Any CPU
		{062BA833-3963-4CCD-8443-B29CD319097B}.Release|Any CPU.ActiveCfg = Release|Any CPU
		{062BA833-3963-4CCD-8443-B29CD319097B}.Release|Any CPU.Build.0 = Release|Any CPU
		{33D2075D-F05D-445B-AB06-C0D7BC768096}.Debug|Any CPU.ActiveCfg = Debug|Any CPU
		{33D2075D-F05D-445B-AB06-C0D7BC768096}.Debug|Any CPU.Build.0 = Debug|Any CPU
		{33D2075D-F05D-445B-AB06-C0D7BC768096}.Release|Any CPU.ActiveCfg = Release|Any CPU
		{33D2075D-F05D-445B-AB06-C0D7BC768096}.Release|Any CPU.Build.0 = Release|Any CPU
	EndGlobalSection
	GlobalSection(SolutionProperties) = preSolution
		HideSolutionNode = FALSE
	EndGlobalSection
	GlobalSection(ExtensibilityGlobals) = postSolution
		SolutionGuid = {739B9BCC-728E-480B-8964-104DA8B8BF83}
	EndGlobalSection
EndGlobal
